
Microsoft Visual Studio Solution File, Format Version 12.00
# Visual Studio Version 17
VisualStudioVersion = 17.13.35931.197 d17.13
MinimumVisualStudioVersion = 10.0.40219.1
Project("{FAE04EC0-301F-11D3-BF4B-00C04F79EFBC}") = "OmronLibPlcTagComm", "OmronLibPlcTagComm\OmronLibPlcTagComm.csproj", "{8BEB63DB-7D74-48FF-BFF0-E8ED159B6862}"
EndProject
Global
	GlobalSection(SolutionConfigurationPlatforms) = preSolution
		Debug|Any CPU = Debug|Any CPU
		Release|Any CPU = Release|Any CPU
	EndGlobalSection
	GlobalSection(ProjectConfigurationPlatforms) = postSolution
		{8BEB63DB-7D74-48FF-BFF0-E8ED159B6862}.Debug|Any CPU.ActiveCfg = Debug|Any CPU
		{8BEB63DB-7D74-48FF-BFF0-E8ED159B6862}.Debug|Any CPU.Build.0 = Debug|Any CPU
		{8BEB63DB-7D74-48FF-BFF0-E8ED159B6862}.Release|Any CPU.ActiveCfg = Release|Any CPU
		{8BEB63DB-7D74-48FF-BFF0-E8ED159B6862}.Release|Any CPU.Build.0 = Release|Any CPU
	EndGlobalSection
	GlobalSection(SolutionProperties) = preSolution
		HideSolutionNode = FALSE
	EndGlobalSection
	GlobalSection(ExtensibilityGlobals) = postSolution
		SolutionGuid = {BD7FDC6E-5CBA-48E8-A8CF-032AE01FAF57}
	EndGlobalSection
EndGlobal
